// !$*UTF8*$!
{
	archiveVersion = 1;
	classes = {
	};
	objectVersion = 46;
	objects = {

/* Begin PBXBuildFile section */
		DA03A9191B9F83D900429644 /* main.c in Sources */ = {isa = PBXBuildFile; fileRef = DA03A9181B9F83D900429644 /* main.c */; };
		DA8E149E1BAC70770081BE75 /* opcodes.c in Sources */ = {isa = PBXBuildFile; fileRef = DA8E149D1BAC70770081BE75 /* opcodes.c */; };
		DA8E14A11BB074820081BE75 /* compiler.c in Sources */ = {isa = PBXBuildFile; fileRef = DA8E149F1BB074820081BE75 /* compiler.c */; };
		DA8E14A41BB0756A0081BE75 /* opcodestest.c in Sources */ = {isa = PBXBuildFile; fileRef = DA8E14A21BB0756A0081BE75 /* opcodestest.c */; };
		DA8E14A81BB088D50081BE75 /* compilertest.c in Sources */ = {isa = PBXBuildFile; fileRef = DA8E14A61BB088D50081BE75 /* compilertest.c */; };
/* End PBXBuildFile section */

/* Begin PBXCopyFilesBuildPhase section */
		DA03A9131B9F83D900429644 /* CopyFiles */ = {
			isa = PBXCopyFilesBuildPhase;
			buildActionMask = 2147483647;
			dstPath = /usr/share/man/man1/;
			dstSubfolderSpec = 0;
			files = (
			);
			runOnlyForDeploymentPostprocessing = 1;
		};
/* End PBXCopyFilesBuildPhase section */

/* Begin PBXFileReference section */
		DA03A9151B9F83D900429644 /* LowLevelPrograms */ = {isa = PBXFileReference; explicitFileType = "compiled.mach-o.executable"; includeInIndex = 0; path = LowLevelPrograms; sourceTree = BUILT_PRODUCTS_DIR; };
		DA03A9181B9F83D900429644 /* main.c */ = {isa = PBXFileReference; lastKnownFileType = sourcecode.c.c; path = main.c; sourceTree = "<group>"; };
		DA8E149B1BAC6ED70081BE75 /* types.h */ = {isa = PBXFileReference; lastKnownFileType = sourcecode.c.h; path = types.h; sourceTree = "<group>"; };
		DA8E149C1BAC70390081BE75 /* opcodes.h */ = {isa = PBXFileReference; lastKnownFileType = sourcecode.c.h; path = opcodes.h; sourceTree = "<group>"; };
		DA8E149D1BAC70770081BE75 /* opcodes.c */ = {isa = PBXFileReference; fileEncoding = 4; lastKnownFileType = sourcecode.c.c; path = opcodes.c; sourceTree = "<group>"; };
		DA8E149F1BB074820081BE75 /* compiler.c */ = {isa = PBXFileReference; fileEncoding = 4; lastKnownFileType = sourcecode.c.c; path = compiler.c; sourceTree = "<group>"; };
		DA8E14A01BB074820081BE75 /* compiler.h */ = {isa = PBXFileReference; fileEncoding = 4; lastKnownFileType = sourcecode.c.h; path = compiler.h; sourceTree = "<group>"; };
		DA8E14A21BB0756A0081BE75 /* opcodestest.c */ = {isa = PBXFileReference; fileEncoding = 4; lastKnownFileType = sourcecode.c.c; path = opcodestest.c; sourceTree = "<group>"; };
		DA8E14A51BB087170081BE75 /* opcodestest.h */ = {isa = PBXFileReference; lastKnownFileType = sourcecode.c.h; path = opcodestest.h; sourceTree = "<group>"; };
		DA8E14A61BB088D50081BE75 /* compilertest.c */ = {isa = PBXFileReference; fileEncoding = 4; lastKnownFileType = sourcecode.c.c; path = compilertest.c; sourceTree = "<group>"; };
		DA8E14A71BB088D50081BE75 /* compilertest.h */ = {isa = PBXFileReference; fileEncoding = 4; lastKnownFileType = sourcecode.c.h; path = compilertest.h; sourceTree = "<group>"; };
/* End PBXFileReference section */

/* Begin PBXFrameworksBuildPhase section */
		DA03A9121B9F83D900429644 /* Frameworks */ = {
			isa = PBXFrameworksBuildPhase;
			buildActionMask = 2147483647;
			files = (
			);
			runOnlyForDeploymentPostprocessing = 0;
		};
/* End PBXFrameworksBuildPhase section */

/* Begin PBXGroup section */
		DA03A90C1B9F83D900429644 = {
			isa = PBXGroup;
			children = (
				DA03A9171B9F83D900429644 /* LowLevelPrograms */,
				DA03A9161B9F83D900429644 /* Products */,
			);
			sourceTree = "<group>";
		};
		DA03A9161B9F83D900429644 /* Products */ = {
			isa = PBXGroup;
			children = (
				DA03A9151B9F83D900429644 /* LowLevelPrograms */,
			);
			name = Products;
			sourceTree = "<group>";
		};
		DA03A9171B9F83D900429644 /* LowLevelPrograms */ = {
			isa = PBXGroup;
			children = (
				DA03A9181B9F83D900429644 /* main.c */,
				DA8E149B1BAC6ED70081BE75 /* types.h */,
				DA8E149C1BAC70390081BE75 /* opcodes.h */,
				DA8E149D1BAC70770081BE75 /* opcodes.c */,
				DA8E149F1BB074820081BE75 /* compiler.c */,
				DA8E14A01BB074820081BE75 /* compiler.h */,
				DA8E14A21BB0756A0081BE75 /* opcodestest.c */,
				DA8E14A51BB087170081BE75 /* opcodestest.h */,
				DA8E14A61BB088D50081BE75 /* compilertest.c */,
				DA8E14A71BB088D50081BE75 /* compilertest.h */,
			);
			path = LowLevelPrograms;
			sourceTree = "<group>";
		};
/* End PBXGroup section */

/* Begin PBXNativeTarget section */
		DA03A9141B9F83D900429644 /* LowLevelPrograms */ = {
			isa = PBXNativeTarget;
			buildConfigurationList = DA03A91C1B9F83D900429644 /* Build configuration list for PBXNativeTarget "LowLevelPrograms" */;
			buildPhases = (
				DA03A9111B9F83D900429644 /* Sources */,
				DA03A9121B9F83D900429644 /* Frameworks */,
				DA03A9131B9F83D900429644 /* CopyFiles */,
			);
			buildRules = (
			);
			dependencies = (
			);
			name = LowLevelPrograms;
			productName = LowLevelPrograms;
			productReference = DA03A9151B9F83D900429644 /* LowLevelPrograms */;
			productType = "com.apple.product-type.tool";
		};
/* End PBXNativeTarget section */

/* Begin PBXProject section */
		DA03A90D1B9F83D900429644 /* Project object */ = {
			isa = PBXProject;
			attributes = {
				LastUpgradeCheck = 0610;
				ORGANIZATIONNAME = macvek;
				TargetAttributes = {
					DA03A9141B9F83D900429644 = {
						CreatedOnToolsVersion = 6.1;
					};
				};
			};
			buildConfigurationList = DA03A9101B9F83D900429644 /* Build configuration list for PBXProject "LowLevelPrograms" */;
			compatibilityVersion = "Xcode 3.2";
			developmentRegion = English;
			hasScannedForEncodings = 0;
			knownRegions = (
				en,
			);
			mainGroup = DA03A90C1B9F83D900429644;
			productRefGroup = DA03A9161B9F83D900429644 /* Products */;
			projectDirPath = "";
			projectRoot = "";
			targets = (
				DA03A9141B9F83D900429644 /* LowLevelPrograms */,
			);
		};
/* End PBXProject section */

/* Begin PBXSourcesBuildPhase section */
		DA03A9111B9F83D900429644 /* Sources */ = {
			isa = PBXSourcesBuildPhase;
			buildActionMask = 2147483647;
			files = (
				DA03A9191B9F83D900429644 /* main.c in Sources */,
				DA8E149E1BAC70770081BE75 /* opcodes.c in Sources */,
				DA8E14A81BB088D50081BE75 /* compilertest.c in Sources */,
				DA8E14A11BB074820081BE75 /* compiler.c in Sources */,
				DA8E14A41BB0756A0081BE75 /* opcodestest.c in Sources */,
			);
			runOnlyForDeploymentPostprocessing = 0;
		};
/* End PBXSourcesBuildPhase section */

/* Begin XCBuildConfiguration section */
		DA03A91A1B9F83D900429644 /* Debug */ = {
			isa = XCBuildConfiguration;
			buildSettings = {
				ALWAYS_SEARCH_USER_PATHS = NO;
				CLANG_CXX_LANGUAGE_STANDARD = "gnu++0x";
				CLANG_CXX_LIBRARY = "libc++";
				CLANG_ENABLE_MODULES = YES;
				CLANG_ENABLE_OBJC_ARC = YES;
				CLANG_WARN_BOOL_CONVERSION = YES;
				CLANG_WARN_CONSTANT_CONVERSION = YES;
				CLANG_WARN_DIRECT_OBJC_ISA_USAGE = YES_ERROR;
				CLANG_WARN_EMPTY_BODY = YES;
				CLANG_WARN_ENUM_CONVERSION = YES;
				CLANG_WARN_INT_CONVERSION = YES;
				CLANG_WARN_OBJC_ROOT_CLASS = YES_ERROR;
				CLANG_WARN_UNREACHABLE_CODE = YES;
				CLANG_WARN__DUPLICATE_METHOD_MATCH = YES;
				COPY_PHASE_STRIP = NO;
				ENABLE_STRICT_OBJC_MSGSEND = YES;
				GCC_C_LANGUAGE_STANDARD = gnu99;
				GCC_DYNAMIC_NO_PIC = NO;
				GCC_OPTIMIZATION_LEVEL = 0;
				GCC_PREPROCESSOR_DEFINITIONS = (
					"DEBUG=1",
					"$(inherited)",
				);
				GCC_SYMBOLS_PRIVATE_EXTERN = NO;
				GCC_WARN_64_TO_32_BIT_CONVERSION = YES;
				GCC_WARN_ABOUT_RETURN_TYPE = YES_ERROR;
				GCC_WARN_UNDECLARED_SELECTOR = YES;
				GCC_WARN_UNINITIALIZED_AUTOS = YES_AGGRESSIVE;
				GCC_WARN_UNUSED_FUNCTION = YES;
				GCC_WARN_UNUSED_VARIABLE = YES;
				MACOSX_DEPLOYMENT_TARGET = 10.9;
				MTL_ENABLE_DEBUG_INFO = YES;
				ONLY_ACTIVE_ARCH = YES;
				SDKROOT = macosx;
			};
			name = Debug;
		};
		DA03A91B1B9F83D900429644 /* Release */ = {
			isa = XCBuildConfiguration;
			buildSettings = {
				ALWAYS_SEARCH_USER_PATHS = NO;
				CLANG_CXX_LANGUAGE_STANDARD = "gnu++0x";
				CLANG_CXX_LIBRARY = "libc++";
				CLANG_ENABLE_MODULES = YES;
				CLANG_ENABLE_OBJC_ARC = YES;
				CLANG_WARN_BOOL_CONVERSION = YES;
				CLANG_WARN_CONSTANT_CONVERSION = YES;
				CLANG_WARN_DIRECT_OBJC_ISA_USAGE = YES_ERROR;
				CLANG_WARN_EMPTY_BODY = YES;
				CLANG_WARN_ENUM_CONVERSION = YES;
				CLANG_WARN_INT_CONVERSION = YES;
				CLANG_WARN_OBJC_ROOT_CLASS = YES_ERROR;
				CLANG_WARN_UNREACHABLE_CODE = YES;
				CLANG_WARN__DUPLICATE_METHOD_MATCH = YES;
				COPY_PHASE_STRIP = YES;
				DEBUG_INFORMATION_FORMAT = "dwarf-with-dsym";
				ENABLE_NS_ASSERTIONS = NO;
				ENABLE_STRICT_OBJC_MSGSEND = YES;
				GCC_C_LANGUAGE_STANDARD = gnu99;
				GCC_WARN_64_TO_32_BIT_CONVERSION = YES;
				GCC_WARN_ABOUT_RETURN_TYPE = YES_ERROR;
				GCC_WARN_UNDECLARED_SELECTOR = YES;
				GCC_WARN_UNINITIALIZED_AUTOS = YES_AGGRESSIVE;
				GCC_WARN_UNUSED_FUNCTION = YES;
				GCC_WARN_UNUSED_VARIABLE = YES;
				MACOSX_DEPLOYMENT_TARGET = 10.9;
				MTL_ENABLE_DEBUG_INFO = NO;
				SDKROOT = macosx;
			};
			name = Release;
		};
		DA03A91D1B9F83D900429644 /* Debug */ = {
			isa = XCBuildConfiguration;
			buildSettings = {
				PRODUCT_NAME = "$(TARGET_NAME)";
			};
			name = Debug;
		};
		DA03A91E1B9F83D900429644 /* Release */ = {
			isa = XCBuildConfiguration;
			buildSettings = {
				PRODUCT_NAME = "$(TARGET_NAME)";
			};
			name = Release;
		};
/* End XCBuildConfiguration section */

/* Begin XCConfigurationList section */
		DA03A9101B9F83D900429644 /* Build configuration list for PBXProject "LowLevelPrograms" */ = {
			isa = XCConfigurationList;
			buildConfigurations = (
				DA03A91A1B9F83D900429644 /* Debug */,
				DA03A91B1B9F83D900429644 /* Release */,
			);
			defaultConfigurationIsVisible = 0;
			defaultConfigurationName = Release;
		};
		DA03A91C1B9F83D900429644 /* Build configuration list for PBXNativeTarget "LowLevelPrograms" */ = {
			isa = XCConfigurationList;
			buildConfigurations = (
				DA03A91D1B9F83D900429644 /* Debug */,
				DA03A91E1B9F83D900429644 /* Release */,
			);
			defaultConfigurationIsVisible = 0;
			defaultConfigurationName = Release;
		};
/* End XCConfigurationList section */
	};
	rootObject = DA03A90D1B9F83D900429644 /* Project object */;
}
